{
  "name": "ai-extraction-service",
  "lockfileVersion": 3,
  "requires": true,
  "packages": {
    "": {
      "dependencies": {
        "@ngrx/effects": "^15.4.0",
        "@ngrx/entity": "^15.4.0",
        "@ngrx/store": "^15.4.0",
        "@ngrx/store-devtools": "^15.4.0",
        "chart.js": "^4.2.1",
        "date-fns": "^4.1.0",
        "ng2-charts": "^4.1.1"
      }
    },
    "node_modules/@kurkle/color": {
      "version": "0.3.4",
      "resolved": "https://registry.npmjs.org/@kurkle/color/-/color-0.3.4.tgz",
      "integrity": "sha512-M5UknZPHRu3DEDWoipU6sE8PdkZ6Z/S+v4dD+Ke8IaNlpdSQah50lz1KtcFBa2vsdOnwbbnxJwVM4wty6udA5w==",
      "license": "MIT"
    },
    "node_modules/@ngrx/effects": {
      "version": "15.4.0",
      "resolved": "https://registry.npmjs.org/@ngrx/effects/-/effects-15.4.0.tgz",
      "integrity": "sha512-/8gHhOM9aeGaw8OG2LLwi4I4p84xzG0EU9TqWrvQcW74wn8sFZONjLvUte5YOzJ5502PPFFrfXSOc+lHnVAJUA==",
      "license": "MIT",
      "dependencies": {
        "tslib": "^2.0.0"
      },
      "peerDependencies": {
        "@angular/core": "^15.0.0",
        "@ngrx/store": "15.4.0",
        "rxjs": "^6.5.3 || ^7.5.0"
      }
    },
    "node_modules/@ngrx/entity": {
      "version": "15.4.0",
      "resolved": "https://registry.npmjs.org/@ngrx/entity/-/entity-15.4.0.tgz",
      "integrity": "sha512-DmfbbasV5bth9APAiwH9ovDwJ/rtEUm4pJvTd6Eds/kOJ6Ime9MZwEhtglXlk2jMwe7f08pl1jzFhYIjI277aQ==",
      "license": "MIT",
      "dependencies": {
        "tslib": "^2.0.0"
      },
      "peerDependencies": {
        "@angular/core": "^15.0.0",
        "@ngrx/store": "15.4.0",
        "rxjs": "^6.5.3 || ^7.5.0"
      }
    },
    "node_modules/@ngrx/store": {
      "version": "15.4.0",
      "resolved": "https://registry.npmjs.org/@ngrx/store/-/store-15.4.0.tgz",
      "integrity": "sha512-OvCuNBHL8mAUnRTS6QSFm+IunspsYNu2cCwDovBNn7EGhxRuGihBeNoX47jCqWPHBFtokj4BlatDfpJ/yCh4xQ==",
      "license": "MIT",
      "dependencies": {
        "tslib": "^2.0.0"
      },
      "peerDependencies": {
        "@angular/core": "^15.0.0",
        "rxjs": "^6.5.3 || ^7.5.0"
      }
    },
    "node_modules/@ngrx/store-devtools": {
      "version": "15.4.0",
      "resolved": "https://registry.npmjs.org/@ngrx/store-devtools/-/store-devtools-15.4.0.tgz",
      "integrity": "sha512-AqWRprSyS3u/vZlpsBOPMW1/0TZS2LE13/KpZedEY+RMCW+mi53esqgrdNGOB3Wr4vrI82Ar9fgaIm4TQO6LPg==",
      "license": "MIT",
      "dependencies": {
        "tslib": "^2.0.0"
      },
      "peerDependencies": {
        "@ngrx/store": "15.4.0",
        "rxjs": "^6.5.3 || ^7.5.0"
      }
    },
    "node_modules/chart.js": {
      "version": "4.2.1",
      "resolved": "https://registry.npmjs.org/chart.js/-/chart.js-4.2.1.tgz",
      "integrity": "sha512-6YbpQ0nt3NovAgOzbkSSeeAQu/3za1319dPUQTXn9WcOpywM8rGKxJHrhS8V8xEkAlk8YhEfjbuAPfUyp6jIsw==",
      "license": "MIT",
      "dependencies": {
        "@kurkle/color": "^0.3.0"
      },
      "engines": {
        "pnpm": "^7.0.0"
      }
    },
    "node_modules/date-fns": {
      "version": "4.1.0",
      "resolved": "https://registry.npmjs.org/date-fns/-/date-fns-4.1.0.tgz",
      "integrity": "sha512-Ukq0owbQXxa/U3EGtsdVBkR1w7KOQ5gIBqdH2hkvknzZPYvBxb/aa6E8L7tmjFtkwZBu3UXBbjIgPo/Ez4xaNg==",
      "license": "MIT",
      "funding": {
        "type": "github",
        "url": "https://github.com/sponsors/kossnocorp"
      }
    },
    "node_modules/lodash-es": {
      "version": "4.18.1",
      "resolved": "https://registry.npmjs.org/lodash-es/-/lodash-es-4.18.1.tgz",
      "integrity": "sha512-J8xewKD/Gk22OZbhpOVSwcs60zhd95ESDwezOFuA3/099925PdHJ7OFHNTGtajL3AlZkykD32HykiMo+BIBI8A==",
      "license": "MIT"
    },
    "node_modules/ng2-charts": {
      "version": "4.1.1",
      "resolved": "https://registry.npmjs.org/ng2-charts/-/ng2-charts-4.1.1.tgz",
      "integrity": "sha512-iHwXDbmX86lfeH8VRcsaW2tJATsuAZo4kvvC/Yk2l35zOHjevja1qBvO6BAibiDazi9r9aS6ZRJOqWPsz1pP2w==",
      "license": "ISC",
      "dependencies": {
        "lodash-es": "^4.17.15",
        "tslib": "^2.3.0"
      },
      "peerDependencies": {
        "@angular/cdk": ">=14.0.0",
        "@angular/common": ">=14.0.0",
        "@angular/core": ">=14.0.0",
        "chart.js": "^3.4.0 || ^4.0.0",
        "rxjs": "^6.5.3 || ^7.4.0"
      }
    },
    "node_modules/tslib": {
      "version": "2.8.1",
      "license": "0BSD"
    }
  }
}
